
Microsoft Visual Studio Solution File, Format Version 12.00
# Visual Studio 15
VisualStudioVersion = 15.0.28307.1082
MinimumVisualStudioVersion = 10.0.40219.1
Project("{FAE04EC0-301F-11D3-BF4B-00C04F79EFBC}") = "Category System", "Category System\Category System.csproj", "{52A59A69-390E-46B4-82B4-ED6BB43F2579}"
EndProject
Global
	GlobalSection(SolutionConfigurationPlatforms) = preSolution
		Debug|Any CPU = Debug|Any CPU
		Release|Any CPU = Release|Any CPU
	EndGlobalSection
	GlobalSection(ProjectConfigurationPlatforms) = postSolution
		{52A59A69-390E-46B4-82B4-ED6BB43F2579}.Debug|Any CPU.ActiveCfg = Debug|Any CPU
		{52A59A69-390E-46B4-82B4-ED6BB43F2579}.Debug|Any CPU.Build.0 = Debug|Any CPU
		{52A59A69-390E-46B4-82B4-ED6BB43F2579}.Release|Any CPU.ActiveCfg = Release|Any CPU
		{52A59A69-390E-46B4-82B4-ED6BB43F2579}.Release|Any CPU.Build.0 = Release|Any CPU
	EndGlobalSection
	GlobalSection(SolutionProperties) = preSolution
		HideSolutionNode = FALSE
	EndGlobalSection
	GlobalSection(ExtensibilityGlobals) = postSolution
		SolutionGuid = {15A8E8F7-1C44-4927-A784-788493643155}
	EndGlobalSection
EndGlobal
